# This file is autogenerated, do not edit; changes may be undone by the next 'dep ensure'.


[[projects]]
  name = "github.com/golang/protobuf"
  packages = ["proto","ptypes","ptypes/any","ptypes/duration","ptypes/timestamp"]
  revision = "ae97035608a719c7a1c1c41bed0ae0744bdb0c6f"
  version = "v1.5.2"

[[projects]]
  branch = "master"
  name = "golang.org/x/net"
  packages = ["context","http/httpguts","http2","http2/hpack","idna","internal/timeseries","trace"]
  revision = "04defd469f4e290175cd2fb95a0e5f235f9bf173"

[[projects]]
  branch = "master"
  name = "golang.org/x/sys"
  packages = ["internal/unsafeheader","unix"]
  revision = "0f9fa26af87c481a6877a4ca1330699ba9a30673"

[[projects]]
  name = "golang.org/x/text"
  packages = ["collate","collate/build","internal/colltab","internal/gen","internal/language","internal/language/compact","internal/tag","internal/triegen","internal/ucd","language","secure/bidirule","transform","unicode/bidi","unicode/cldr","unicode/norm","unicode/rangetable"]
  revision = "e328d63cff14134669501e0e154e4f141c784322"
  version = "v0.3.6"

[[projects]]
  branch = "master"
  name = "google.golang.org/genproto"
  packages = ["googleapis/rpc/status"]
  revision = "46259e63a0a91b668c7e7c31d17223b1cc49701b"

[[projects]]
  name = "google.golang.org/grpc"
  packages = [".","attributes","backoff","balancer","balancer/base","balancer/grpclb/state","balancer/roundrobin","binarylog/grpc_binarylog_v1","codes","connectivity","credentials","encoding","encoding/proto","grpclog","internal","internal/backoff","internal/balancerload","internal/binarylog","internal/buffer","internal/channelz","internal/credentials","internal/envconfig","internal/grpclog","internal/grpcrand","internal/grpcsync","internal/grpcutil","internal/metadata","internal/resolver","internal/resolver/dns","internal/resolver/passthrough","internal/resolver/unix","internal/serviceconfig","internal/status","internal/syscall","internal/transport","internal/transport/networktype","keepalive","metadata","peer","resolver","serviceconfig","stats","status","tap"]
  revision = "ebf6a4b476dc7c1bcb57c82e9c74529a7f046710"
  version = "v1.39.0"

[[projects]]
  name = "google.golang.org/protobuf"
  packages = ["encoding/prototext","encoding/protowire","internal/descfmt","internal/descopts","internal/detrand","internal/encoding/defval","internal/encoding/messageset","internal/encoding/tag","internal/encoding/text","internal/errors","internal/filedesc","internal/filetype","internal/flags","internal/genid","internal/impl","internal/order","internal/pragma","internal/set","internal/strs","internal/version","proto","reflect/protodesc","reflect/protoreflect","reflect/protoregistry","runtime/protoiface","runtime/protoimpl","types/descriptorpb","types/known/anypb","types/known/durationpb","types/known/timestamppb"]
  revision = "b92717ecb630d4a4824b372bf98c729d87311a4d"
  version = "v1.27.1"

[solve-meta]
  analyzer-name = "dep"
  analyzer-version = 1
  inputs-digest = "6f2ae688d33000ec2aada5d47a0c370d5d33d01945ede9881891949cff1ff3c2"
  solver-name = "gps-cdcl"
  solver-version = 1
